{
  "version": "5",
  "specifiers": {
    "jsr:@std/encoding@*": "1.0.10",
    "jsr:@std/fs@*": "1.0.18",
    "jsr:@std/path@*": "1.1.0",
    "jsr:@std/path@^1.1.0": "1.1.0"
  },
  "jsr": {
    "@std/encoding@1.0.10": {
      "integrity": "8783c6384a2d13abd5e9e87a7ae0520a30e9f56aeeaa3bdf910a3eaaf5c811a1"
    },
    "@std/fs@1.0.18": {
      "integrity": "24bcad99eab1af4fde75e05da6e9ed0e0dce5edb71b7e34baacf86ffe3969f3a",
      "dependencies": [
        "jsr:@std/path@^1.1.0"
      ]
    },
    "@std/path@1.1.0": {
      "integrity": "ddc94f8e3c275627281cbc23341df6b8bcc874d70374f75fec2533521e3d6886"
    }
  },
  "workspace": {
    "packageJson": {
      "dependencies": [
        "npm:@eslint/js@^9.17.0",
        "npm:@mdx-js/loader@3",
        "npm:@mdx-js/react@3",
        "npm:@next/mdx@^14.0.1",
        "npm:@types/mdx@^2.0.9",
        "npm:autoprefixer@^10.4.16",
        "npm:eslint-plugin-import@^2.31.0",
        "npm:eslint-plugin-react@^7.37.3",
        "npm:eslint@^9.17.0",
        "npm:globals@^15.14.0",
        "npm:husky@8",
        "npm:lint-staged@^15.3.0",
        "npm:postcss@^8.4.31",
        "npm:prettier@^3.0.3",
        "npm:tailwindcss@^3.3.5",
        "npm:typescript-eslint@^8.19.1",
        "npm:wsrun@^5.2.4"
      ]
    },
    "members": {
      "pkgs/chat": {
        "packageJson": {
          "dependencies": [
            "npm:@paplico/core@*",
            "npm:@rollup/plugin-typescript@^9.0.2",
            "npm:@types/pusher-js@^5.1.0",
            "npm:rollup-plugin-node-externals@^6.1.2",
            "npm:typescript@^5.0.4",
            "npm:vite-plugin-dts@^3.5.3",
            "npm:vite-tsconfig-paths@^4.2.0",
            "npm:vite@^4.5.0",
            "npm:vitest@~0.34.3",
            "npm:ws@^8.14.2"
          ]
        }
      },
      "pkgs/core": {
        "packageJson": {
          "dependencies": [
            "npm:@luncheon/simplify-svg-path@0.2",
            "npm:@rollup/plugin-typescript@^9.0.2",
            "npm:@thednp/dommatrix@^2.0.6",
            "npm:@types/opentype.js@^1.3.7",
            "npm:@types/three@0.146",
            "npm:@types/web@^0.0.119",
            "npm:abs-svg-path@~0.1.1",
            "npm:crypto-js@^4.1.1",
            "npm:fast-random@^2.0.4",
            "npm:fast-shallow-equal@1",
            "npm:is-ios@^2.1.0",
            "npm:jsondiffpatch@0.5",
            "npm:math.gl@^3.6.3",
            "npm:matrixgl@2",
            "npm:mitt@^3.0.1",
            "npm:opentype.js@^1.3.4",
            "npm:point-at-length@^1.1.0",
            "npm:polished@^4.2.2",
            "npm:random-seedable@^1.0.8",
            "npm:rollup-plugin-node-externals@^6.1.2",
            "npm:svg-path-bounding-box@^1.0.4",
            "npm:three@0.146",
            "npm:typescript@^5.0.4",
            "npm:ulid@^2.3.0",
            "npm:vite-plugin-dts@^3.6.3",
            "npm:vite-tsconfig-paths@^4.2.0",
            "npm:vite@^4.5.0",
            "npm:vitest@~0.34.3",
            "npm:zod@^3.19.1"
          ]
        }
      },
      "pkgs/desktop": {
        "packageJson": {
          "dependencies": [
            "npm:@types/node@^14.14.6",
            "npm:@types/react-dom@^16.9.9",
            "npm:@types/react@^16.9.9",
            "npm:electron-builder@^23.0.3",
            "npm:electron-is-dev@^1.1.0",
            "npm:electron-next@^3.1.5",
            "npm:electron@13",
            "npm:next@latest",
            "npm:react-dom@^17.0.2",
            "npm:react@^17.0.2",
            "npm:rimraf@3",
            "npm:styled-components@^5.3.5",
            "npm:styled-reset@^4.4.1",
            "npm:typescript@^4.9.3"
          ]
        }
      },
      "pkgs/editor": {
        "packageJson": {
          "dependencies": [
            "npm:@rollup/plugin-typescript@^9.0.2",
            "npm:@types/react-dom@^18.2.14",
            "npm:@types/react@^18.2.31",
            "npm:@use-gesture/react@^10.3.0",
            "npm:clsx@2",
            "npm:mitt@^3.0.1",
            "npm:react-error-boundary@^4.0.11",
            "npm:react-jss@^10.10.0",
            "npm:react-use-event-hook@~0.9.6",
            "npm:react-use-measure@^2.1.1",
            "npm:rollup-plugin-node-externals@^6.1.2",
            "npm:typescript@^5.0.4",
            "npm:vite-plugin-dts@^3.5.3",
            "npm:vite-tsconfig-paths@^4.2.0",
            "npm:vite@^4.4.9",
            "npm:vitest@~0.34.3",
            "npm:zustand@5.0.3"
          ]
        }
      },
      "pkgs/experimental": {
        "packageJson": {
          "dependencies": [
            "npm:@dnd-kit/core@^6.3.1",
            "npm:@dnd-kit/sortable@10",
            "npm:@dnd-kit/utilities@^3.2.2",
            "npm:@getgrit/gritql@^0.0.1",
            "npm:@hanakla/micetrap@^1.1.0",
            "npm:@jsr/std__cbor@~0.1.8",
            "npm:@radix-ui/react-checkbox@^1.3.2",
            "npm:@radix-ui/react-collapsible@^1.1.11",
            "npm:@radix-ui/react-dialog@^1.1.14",
            "npm:@radix-ui/react-dropdown-menu@^2.1.15",
            "npm:@radix-ui/react-label@^2.1.7",
            "npm:@radix-ui/react-menubar@^1.1.15",
            "npm:@radix-ui/react-popover@^1.1.14",
            "npm:@radix-ui/react-progress@^1.1.7",
            "npm:@radix-ui/react-select@^2.2.5",
            "npm:@radix-ui/react-separator@^1.1.7",
            "npm:@radix-ui/react-slider@^1.3.5",
            "npm:@radix-ui/react-slot@^1.2.3",
            "npm:@radix-ui/react-switch@^1.2.5",
            "npm:@radix-ui/react-tabs@^1.1.12",
            "npm:@radix-ui/react-toggle@^1.1.9",
            "npm:@radix-ui/react-tooltip@^1.2.7",
            "npm:@tailwindcss/postcss@4",
            "npm:@testing-library/dom@^10.4.0",
            "npm:@testing-library/jest-dom@^6.6.3",
            "npm:@testing-library/react@^16.3.0",
            "npm:@testing-library/user-event@^14.6.1",
            "npm:@types/node@20",
            "npm:@types/react-dom@19",
            "npm:@types/react@19",
            "npm:@types/webgl2@^0.0.6",
            "npm:@webgpu/types@~0.1.61",
            "npm:class-variance-authority@~0.7.1",
            "npm:clsx@^2.1.1",
            "npm:happy-dom@^18.0.1",
            "npm:lucide-react@0.515",
            "npm:nanoid@^5.1.5",
            "npm:next@^15.3.3",
            "npm:react-dom@19",
            "npm:react-resizable-panels@^3.0.3",
            "npm:react@19",
            "npm:shadcn@^2.6.3",
            "npm:tailwind-merge@^3.3.1",
            "npm:tailwindcss@4",
            "npm:tsx@^4.20.3",
            "npm:tw-animate-css@^1.3.4",
            "npm:typescript@5",
            "npm:valtio@^2.1.5",
            "npm:vitest@^3.2.3",
            "npm:webgpu-utils@^1.10.3",
            "npm:zustand@^4.4.1"
          ]
        }
      },
      "pkgs/node-canvas-example": {
        "packageJson": {
          "dependencies": [
            "npm:@paplico/core@*",
            "npm:@types/three@0.146",
            "npm:tsx@^3.14.0",
            "npm:typescript@^5.0.4"
          ]
        }
      },
      "pkgs/paplicore": {
        "packageJson": {
          "dependencies": [
            "npm:@babel/core@^7.17.9",
            "npm:@babel/preset-env@^7.16.11",
            "npm:@babel/preset-react@^7.17.12",
            "npm:@babel/preset-typescript@^7.16.7",
            "npm:@bokuweb/zstd-wasm@^0.0.16",
            "npm:@luncheon/simplify-svg-path@~0.1.4",
            "npm:@rollup/plugin-image@^2.1.0",
            "npm:@swc/core@^1.2.165",
            "npm:@swc/jest@~0.2.20",
            "npm:@types/debounce@^1.2.1",
            "npm:@types/es-aggregate-error@^1.0.2",
            "npm:@types/jest@^26.0.24",
            "npm:@types/msgpack5@^3.4.2",
            "npm:@types/offscreencanvas@^2019.6.4",
            "npm:@types/react-reconciler@~0.26.7",
            "npm:@types/svg-arc-to-cubic-bezier@^3.2.0",
            "npm:@types/three@0.139",
            "npm:@yr/catmull-rom-spline@^1.0.3",
            "npm:ag-psd@^14.3.9",
            "npm:babel-jest@^27.5.1",
            "npm:bili@^5.0.5",
            "npm:debounce@^1.2.1",
            "npm:dommatrix@^0.0.24",
            "npm:es-aggregate-error@^1.0.8",
            "npm:esbuild-runner@^2.2.1",
            "npm:extensible-custom-error@^0.0.7",
            "npm:fast-random@^2.0.4",
            "npm:immer@^9.0.12",
            "npm:is-ios@^2.1.0",
            "npm:jest@^27.5.1",
            "npm:jsondiffpatch@~0.4.1",
            "npm:klona@^2.0.5",
            "npm:math.gl@^3.5.7",
            "npm:mitt@3",
            "npm:msgpack5@^5.3.2",
            "npm:nanoid@^3.3.2",
            "npm:normalize-svg-path@^1.1.0",
            "npm:npm-run-all@^4.1.5",
            "npm:object-fit-math@1",
            "npm:paper@~0.12.15",
            "npm:parse-svg-path@~0.1.2",
            "npm:point-at-length@^1.1.0",
            "npm:polished@^4.1.3",
            "npm:pure-rand@^5.0.1",
            "npm:react-reconciler@0.28",
            "npm:rollup-plugin-glslify@^1.2.1",
            "npm:rollup-plugin-swc@~0.2.1",
            "npm:rollup-plugin-typescript2@~0.31.2",
            "npm:svg-arc-to-cubic-bezier@^3.2.0",
            "npm:svg-path-bounds@^1.0.2",
            "npm:svg-path-properties@^1.0.11",
            "npm:three@~0.139.2",
            "npm:ts-node@^10.7.0",
            "npm:tslib@^2.3.1",
            "npm:typescript@^4.9.3",
            "npm:uuidv4@^6.2.11",
            "npm:vitest@~0.12.6",
            "npm:wasm-flood-fill@^1.1.1"
          ]
        }
      },
      "pkgs/shared-lib": {
        "packageJson": {
          "dependencies": [
            "npm:@rollup/plugin-typescript@^9.0.2",
            "npm:@types/react@^18.2.37",
            "npm:@types/web@^0.0.119",
            "npm:klona@^2.0.6",
            "npm:mitt@^3.0.1",
            "npm:rollup-plugin-node-externals@^6.1.2",
            "npm:typescript@^5.0.4",
            "npm:vite-plugin-dts@^3.5.3",
            "npm:vite-tsconfig-paths@^4.2.0",
            "npm:vite@^4.5.0",
            "npm:vitest@~0.34.3"
          ]
        }
      },
      "pkgs/silk-ui": {
        "packageJson": {
          "dependencies": [
            "npm:@rollup/plugin-image@^2.1.0",
            "npm:@types/clone@^2.1.1",
            "npm:@types/jest@^26.0.24",
            "npm:@types/msgpack5@^3.4.2",
            "npm:@yr/catmull-rom-spline@^1.0.3",
            "npm:bili@^5.0.5",
            "npm:clone@^2.1.2",
            "npm:jest@^27.0.6",
            "npm:mitt@3",
            "npm:msgpack5@^5.3.2",
            "npm:npm-run-all@^4.1.5",
            "npm:p-defer@4",
            "npm:parse-svg-path@~0.1.2",
            "npm:point-at-length@^1.1.0",
            "npm:polished@^4.1.3",
            "npm:rollup-plugin-glslify@^1.2.0",
            "npm:rollup-plugin-typescript2@0.30",
            "npm:svg-path-bounds@^1.0.2",
            "npm:ts-jest@^27.0.4",
            "npm:typescript@^4.9.3",
            "npm:uuidv4@^6.2.11"
          ]
        }
      },
      "pkgs/web": {
        "packageJson": {
          "dependencies": [
            "npm:@babel/core@7.17.10",
            "npm:@babel/preset-typescript@^7.16.7",
            "npm:@charcoal-ui/styled@1",
            "npm:@dnd-kit/core@^5.0.3",
            "npm:@dnd-kit/modifiers@5",
            "npm:@dnd-kit/sortable@^6.0.1",
            "npm:@dnd-kit/utilities@^3.1.0",
            "npm:@fleur/fleur@^3.1.0",
            "npm:@fleur/lys@3",
            "npm:@fleur/mordred@~0.1.0-pre.3",
            "npm:@fleur/next@1",
            "npm:@fleur/react@^5.0.3",
            "npm:@floating-ui/react-dom@~0.7.1",
            "npm:@hanakla/arma@~0.3.3",
            "npm:@popperjs/core@^2.9.3",
            "npm:@react-aria/select@^3.6.4",
            "npm:@react-stately/select@^3.1.6",
            "npm:@styled-icons/remix-fill@^10.18.0",
            "npm:@styled-icons/remix-line@^10.18.0",
            "npm:@swc-node/register@^1.5.1",
            "npm:@swc/core@1.2.179",
            "npm:@swc/jest@0.2.21",
            "npm:@types/audioworklet@^0.0.27",
            "npm:@types/clone@^2.1.1",
            "npm:@types/debounce@^1.2.0",
            "npm:@types/express@^4.17.13",
            "npm:@types/howler@^2.2.7",
            "npm:@types/jsdom@^16.2.14",
            "npm:@types/mousetrap@^1.6.8",
            "npm:@types/node@^16.4.4",
            "npm:@types/react-color@^3.0.6",
            "npm:@types/react-dom@18.0.11",
            "npm:@types/react@18.0.28",
            "npm:@types/styled-components@5.1.25",
            "npm:@types/webpack@^5.28.0",
            "npm:@types/wicg-file-system-access@^2020.9.5",
            "npm:@welldone-software/why-did-you-render@^7.0.1",
            "npm:array-move@^3.0.1",
            "npm:babel-jest@^28.0.2",
            "npm:babel-plugin-styled-components@2.0.7",
            "npm:brotli-wasm@^1.1.1",
            "npm:clone@^2.1.2",
            "npm:dayjs@^1.11.0",
            "npm:debounce-raf@^1.0.1",
            "npm:debounce@^1.2.1",
            "npm:doubletouch-to-dblclick@1",
            "npm:ef-infinite-canvas@~0.5.5-alpha",
            "npm:express@^4.18.1",
            "npm:fast-deep-equal@^3.1.3",
            "npm:fastclick@^1.0.6",
            "npm:file-loader@^6.2.0",
            "npm:fork-ts-checker-webpack-plugin@7.2.11",
            "npm:howler@^2.2.3",
            "npm:idb@^7.0.1",
            "npm:is-ios@^2.1.0",
            "npm:is-safari@1",
            "npm:jest-environment-jsdom@^28.0.2",
            "npm:jest@^28.0.2",
            "npm:jotai@^1.2.2",
            "npm:jsdom@19",
            "npm:mousetrap@^1.6.5",
            "npm:nanoid@^3.3.2",
            "npm:next-i18next@^8.5.5",
            "npm:next-pwa@^5.6.0",
            "npm:next-transpile-modules@9.0.0",
            "npm:next@^13.3.0",
            "npm:nextra-theme-docs@^2.2.19",
            "npm:nextra@^2.2.19",
            "npm:object-fit-math@1",
            "npm:polished@^4.1.3",
            "npm:react-color@^2.19.3",
            "npm:react-contexify@5",
            "npm:react-devtools@^4.24.5",
            "npm:react-dom@^18.2.0",
            "npm:react-draggable-tree@0.7",
            "npm:react-error-boundary@^3.1.3",
            "npm:react-popper@^2.2.5",
            "npm:react-rnd@^10.3.5",
            "npm:react-spring@^9.2.4",
            "npm:react-use-event-hook@~0.9.5",
            "npm:react-use-gesture@^9.1.3",
            "npm:react-use@^17.2.4",
            "npm:react@^18.2.0",
            "npm:slate-react@~0.65.3",
            "npm:slate@~0.65.3",
            "npm:styled-components@^5.3.0",
            "npm:styled-media-query@^2.1.2",
            "npm:styled-reset@^4.3.4",
            "npm:svg-path-commander@^1.0.4",
            "npm:tailwind-merge@^2.5.3",
            "npm:ts-jest@28.0.2",
            "npm:ts-node@^10.7.0",
            "npm:typescript@4.9.3",
            "npm:use-immer@0.7",
            "npm:use-long-press@2",
            "npm:use-measure@0.3",
            "npm:use-sound@^4.0.1",
            "npm:vitest@~0.12.6",
            "npm:zustand@^4.3.8"
          ]
        }
      },
      "pkgs/web2": {
        "packageJson": {
          "dependencies": [
            "npm:@charcoal-ui/styled@3.1.0",
            "npm:@dnd-kit/core@^6.0.8",
            "npm:@dnd-kit/modifiers@^6.0.1",
            "npm:@dnd-kit/sortable@^7.0.2",
            "npm:@floating-ui/dom@^1.5.3",
            "npm:@hanakla/arma@~0.3.3",
            "npm:@monaco-editor/react@^4.6.0",
            "npm:@napi-rs/canvas@~0.1.44",
            "npm:@notionhq/client@^2.2.13",
            "npm:@radix-ui/react-accordion@^1.2.10",
            "npm:@radix-ui/react-dropdown-menu@^2.1.14",
            "npm:@radix-ui/react-icons@^1.3.2",
            "npm:@radix-ui/react-popover@^1.1.13",
            "npm:@radix-ui/react-scroll-area@^1.2.8",
            "npm:@radix-ui/react-tabs@^1.1.11",
            "npm:@radix-ui/react-toolbar@^1.1.9",
            "npm:@radix-ui/themes@^3.2.1",
            "npm:@types/mousetrap@^1.6.13",
            "npm:@types/react-dom@^19.1.5",
            "npm:@types/react@^19.1.4",
            "npm:@types/use-sync-external-store@^0.0.6",
            "npm:@types/ws@^8.5.8",
            "npm:@use-gesture/react@^10.3.0",
            "npm:@welldone-software/why-did-you-render@^7.0.1",
            "npm:autoprefixer@^10.4.20",
            "npm:clsx@2",
            "npm:focus-trap-react@^10.2.3",
            "npm:focus-trap@^7.5.4",
            "npm:immer@^10.0.3",
            "npm:just-debounce@^1.1.0",
            "npm:mitt@^3.0.1",
            "npm:monaco-editor@0.44",
            "npm:monaco-themes@~0.4.4",
            "npm:mousetrap@^1.6.5",
            "npm:msgpack5@^6.0.2",
            "npm:next-i18next@^15.4.2",
            "npm:next@^15.3.2",
            "npm:nextra-theme-docs@^4.2.17",
            "npm:nextra@^4.2.17",
            "npm:object-fit-math@1",
            "npm:polished@^4.2.2",
            "npm:postcss@^8.4.47",
            "npm:react-contexify@6",
            "npm:react-dom@^19.1.0",
            "npm:react-draggable-tree@0.7",
            "npm:react-icons@^4.11.0",
            "npm:react-scan@^0.0.54",
            "npm:react-spring@^9.7.3",
            "npm:react-use-event-hook@~0.9.6",
            "npm:react-use@17.4.0",
            "npm:react@^19.1.0",
            "npm:styled-components@^6.1.18",
            "npm:styled-reset@4.5.1",
            "npm:tailwind@4",
            "npm:tailwindcss@^3.4.13",
            "npm:tsx@^3.14.0",
            "npm:use-long-press@^3.2.0",
            "npm:use-measure@0.3",
            "npm:use-sync-external-store@^1.2.0",
            "npm:vitest@0.33.0",
            "npm:ws@^8.14.2",
            "npm:zustand@^4.4.6"
          ]
        }
      },
      "pkgs/web3": {
        "packageJson": {
          "dependencies": [
            "npm:@dnd-kit/core@^6.0.8",
            "npm:@dnd-kit/modifiers@^6.0.1",
            "npm:@dnd-kit/sortable@^7.0.2",
            "npm:@floating-ui/dom@^1.5.3",
            "npm:@hanakla/arma@~0.3.3",
            "npm:@monaco-editor/react@^4.6.0",
            "npm:@napi-rs/canvas@~0.1.44",
            "npm:@next/mdx@^15.3.2",
            "npm:@notionhq/client@^2.2.13",
            "npm:@radix-ui/react-accordion@^1.2.10",
            "npm:@radix-ui/react-dropdown-menu@^2.1.14",
            "npm:@radix-ui/react-icons@^1.3.2",
            "npm:@radix-ui/react-popover@^1.1.13",
            "npm:@radix-ui/react-scroll-area@^1.2.8",
            "npm:@radix-ui/react-tabs@^1.1.11",
            "npm:@radix-ui/react-toolbar@^1.1.9",
            "npm:@radix-ui/themes@^3.2.1",
            "npm:@tailwindcss/postcss@^4.1.7",
            "npm:@types/mousetrap@^1.6.13",
            "npm:@types/react-dom@^19.1.5",
            "npm:@types/react@^19.1.4",
            "npm:@types/use-sync-external-store@^0.0.6",
            "npm:@types/ws@^8.5.8",
            "npm:@use-gesture/react@^10.3.0",
            "npm:@welldone-software/why-did-you-render@^7.0.1",
            "npm:autoprefixer@^10.4.20",
            "npm:clsx@2",
            "npm:focus-trap-react@^10.2.3",
            "npm:focus-trap@^7.5.4",
            "npm:immer@^10.0.3",
            "npm:just-debounce@^1.1.0",
            "npm:mitt@^3.0.1",
            "npm:monaco-editor@0.44",
            "npm:monaco-themes@~0.4.4",
            "npm:mousetrap@^1.6.5",
            "npm:msgpack5@^6.0.2",
            "npm:next-i18next@^15.4.2",
            "npm:next@^15.3.2",
            "npm:nextra-theme-docs@^4.2.17",
            "npm:nextra@^4.2.17",
            "npm:object-fit-math@1",
            "npm:polished@^4.2.2",
            "npm:postcss@^8.5.3",
            "npm:react-contexify@6",
            "npm:react-dom@^19.1.0",
            "npm:react-draggable-tree@0.7",
            "npm:react-icons@^4.11.0",
            "npm:react-scan@^0.0.54",
            "npm:react-spring@^9.7.3",
            "npm:react-use-event-hook@~0.9.6",
            "npm:react-use@17.4.0",
            "npm:react@^19.1.0",
            "npm:tailwindcss@^4.1.7",
            "npm:tsx@^3.14.0",
            "npm:use-long-press@^3.2.0",
            "npm:use-measure@0.3",
            "npm:use-sync-external-store@^1.2.0",
            "npm:vitest@0.33.0",
            "npm:ws@^8.14.2",
            "npm:zustand@^4.4.6"
          ]
        }
      }
    }
  }
}
