# THIS IS AN AUTOGENERATED FILE. DO NOT EDIT THIS FILE DIRECTLY.
# yarn lockfile v1


"@babel/runtime@^7.14.0":
  version "7.14.8"
  resolved "https://registry.yarnpkg.com/@babel/runtime/-/runtime-7.14.8.tgz#7119a56f421018852694290b9f9148097391b446"
  integrity sha512-twj3L8Og5SaCRCErB4x4ajbvBIVV77CGeFglHpeg5WC5FF8TZzBWXtTJ4MqaD9QszLYTtr+IsaAL2rEUevb+eg==
  dependencies:
    regenerator-runtime "^0.13.4"

"@types/uuid@8.3.1":
  version "8.3.1"
  resolved "https://registry.yarnpkg.com/@types/uuid/-/uuid-8.3.1.tgz#1a32969cf8f0364b3d8c8af9cc3555b7805df14f"
  integrity sha512-Y2mHTRAbqfFkpjldbkHGY8JIzRN6XqYRliG8/24FcHm2D2PwW24fl5xMRTVGdrb7iMrwCaIEbLWerGIkXuFWVg==

"@yr/catmull-rom-spline@^1.0.3":
  version "1.0.3"
  resolved "https://registry.yarnpkg.com/@yr/catmull-rom-spline/-/catmull-rom-spline-1.0.3.tgz#7e5ef132d2083b284686aacac2a80463e8d81ad2"
  integrity sha1-fl7xMtIIOyhGhqrKwqgEY+jYGtI=

abs-svg-path@~0.1.1:
  version "0.1.1"
  resolved "https://registry.yarnpkg.com/abs-svg-path/-/abs-svg-path-0.1.1.tgz#df601c8e8d2ba10d4a76d625e236a9a39c2723bf"
  integrity sha1-32Acjo0roQ1KdtYl4japo5wnI78=

isarray@~0.0.1:
  version "0.0.1"
  resolved "https://registry.yarnpkg.com/isarray/-/isarray-0.0.1.tgz#8a18acfca9a8f4177e09abfc6038939b05d1eedf"
  integrity sha1-ihis/Kmo9Bd+Cav8YDiTmwXR7t8=

mitt@^3.0.0:
  version "3.0.0"
  resolved "https://registry.yarnpkg.com/mitt/-/mitt-3.0.0.tgz#69ef9bd5c80ff6f57473e8d89326d01c414be0bd"
  integrity sha512-7dX2/10ITVyqh4aOSVI9gdape+t9l2/8QxHrFmUXu4EEUpdlxl6RudZUPZoc+zuY2hk1j7XxVroIVIan/pD/SQ==

parse-svg-path@^0.1.2, parse-svg-path@~0.1.1:
  version "0.1.2"
  resolved "https://registry.yarnpkg.com/parse-svg-path/-/parse-svg-path-0.1.2.tgz#7a7ec0d1eb06fa5325c7d3e009b859a09b5d49eb"
  integrity sha1-en7A0esG+lMlx9PgCbhZoJtdSes=

point-at-length@^1.1.0:
  version "1.1.0"
  resolved "https://registry.yarnpkg.com/point-at-length/-/point-at-length-1.1.0.tgz#0ad72ebd0980d7f5a1ab12296c055f9eb6b30e57"
  integrity sha1-CtcuvQmA1/WhqxIpbAVfnrazDlc=
  dependencies:
    abs-svg-path "~0.1.1"
    isarray "~0.0.1"
    parse-svg-path "~0.1.1"

polished@^4.1.3:
  version "4.1.3"
  resolved "https://registry.yarnpkg.com/polished/-/polished-4.1.3.tgz#7a3abf2972364e7d97770b827eec9a9e64002cfc"
  integrity sha512-ocPAcVBUOryJEKe0z2KLd1l9EBa1r5mSwlKpExmrLzsnIzJo4axsoU9O2BjOTkDGDT4mZ0WFE5XKTlR3nLnZOA==
  dependencies:
    "@babel/runtime" "^7.14.0"

regenerator-runtime@^0.13.4:
  version "0.13.9"
  resolved "https://registry.yarnpkg.com/regenerator-runtime/-/regenerator-runtime-0.13.9.tgz#8925742a98ffd90814988d7566ad30ca3b263b52"
  integrity sha512-p3VT+cOEgxFsRRA9X4lkI1E+k2/CtnKtU4gcxyaCUreilL/vqI6CdZ3wxVUx3UOUg+gnUOQQcRI7BmSI656MYA==

uuid@8.3.2:
  version "8.3.2"
  resolved "https://registry.yarnpkg.com/uuid/-/uuid-8.3.2.tgz#80d5b5ced271bb9af6c445f21a1a04c606cefbe2"
  integrity sha512-+NYs2QeMWy+GWFOEm9xnn6HCDp0l7QBD7ml8zLUmJ+93Q5NF0NocErnwkTkXVFNiX3/fpC6afS8Dhb/gz7R7eg==

uuidv4@^6.2.11:
  version "6.2.11"
  resolved "https://registry.yarnpkg.com/uuidv4/-/uuidv4-6.2.11.tgz#34d5a03324eb38296b87ae523a64233b5286cc27"
  integrity sha512-OTS4waH9KplrXNADKo+Q1kT9AHWr8DaC0S5F54RQzEwcUaEzBEWQQlJyDUw/u1bkRhJyqkqhLD4M4lbFbV+89g==
  dependencies:
    "@types/uuid" "8.3.1"
    uuid "8.3.2"
